
Microsoft Visual Studio Solution File, Format Version 12.00
# Visual Studio 15
VisualStudioVersion = 15.0.27428.2002
MinimumVisualStudioVersion = 10.0.40219.1
Project("{FAE04EC0-301F-11D3-BF4B-00C04F79EFBC}") = "HRMS", "Ipanema\HRMS.csproj", "{F62313FB-B002-45E7-A922-0E3A4EC4A119}"
EndProject
Project("{FAE04EC0-301F-11D3-BF4B-00C04F79EFBC}") = "TimeKeeping", "Timekeeping\TimeKeeping.csproj", "{473C0A77-9E5A-43E5-B3D9-B8CC97DD259F}"
EndProject
Global
	GlobalSection(SolutionConfigurationPlatforms) = preSolution
		Debug|Any CPU = Debug|Any CPU
		Release|Any CPU = Release|Any CPU
	EndGlobalSection
	GlobalSection(ProjectConfigurationPlatforms) = postSolution
		{F62313FB-B002-45E7-A922-0E3A4EC4A119}.Debug|Any CPU.ActiveCfg = Debug|Any CPU
		{F62313FB-B002-45E7-A922-0E3A4EC4A119}.Debug|Any CPU.Build.0 = Debug|Any CPU
		{F62313FB-B002-45E7-A922-0E3A4EC4A119}.Release|Any CPU.ActiveCfg = Release|Any CPU
		{F62313FB-B002-45E7-A922-0E3A4EC4A119}.Release|Any CPU.Build.0 = Release|Any CPU
		{473C0A77-9E5A-43E5-B3D9-B8CC97DD259F}.Debug|Any CPU.ActiveCfg = Debug|Any CPU
		{473C0A77-9E5A-43E5-B3D9-B8CC97DD259F}.Debug|Any CPU.Build.0 = Debug|Any CPU
		{473C0A77-9E5A-43E5-B3D9-B8CC97DD259F}.Release|Any CPU.ActiveCfg = Release|Any CPU
		{473C0A77-9E5A-43E5-B3D9-B8CC97DD259F}.Release|Any CPU.Build.0 = Release|Any CPU
	EndGlobalSection
	GlobalSection(SolutionProperties) = preSolution
		HideSolutionNode = FALSE
	EndGlobalSection
	GlobalSection(ExtensibilityGlobals) = postSolution
		SolutionGuid = {BB87E94B-5002-4840-911C-5C1CBDC64DA6}
	EndGlobalSection
EndGlobal
